
Microsoft Visual Studio Solution File, Format Version 12.00
# Visual Studio 15
VisualStudioVersion = 15.0.28307.102
MinimumVisualStudioVersion = 10.0.40219.1
Project("{FAE04EC0-301F-11D3-BF4B-00C04F79EFBC}") = "PortScanner", "PortScanner\PortScanner.csproj", "{B08DD529-1510-4ADD-AA6B-CB56909C556E}"
EndProject
Project("{FAE04EC0-301F-11D3-BF4B-00C04F79EFBC}") = "PortScanner.Tests", "PortScanner.Tests\PortScanner.Tests.csproj", "{04854740-DCE8-4CF5-9012-829AFFF0B35C}"
EndProject
Global
	GlobalSection(SolutionConfigurationPlatforms) = preSolution
		Debug|Any CPU = Debug|Any CPU
		Release|Any CPU = Release|Any CPU
	EndGlobalSection
	GlobalSection(ProjectConfigurationPlatforms) = postSolution
		{B08DD529-1510-4ADD-AA6B-CB56909C556E}.Debug|Any CPU.ActiveCfg = Debug|Any CPU
		{B08DD529-1510-4ADD-AA6B-CB56909C556E}.Debug|Any CPU.Build.0 = Debug|Any CPU
		{B08DD529-1510-4ADD-AA6B-CB56909C556E}.Release|Any CPU.ActiveCfg = Release|Any CPU
		{B08DD529-1510-4ADD-AA6B-CB56909C556E}.Release|Any CPU.Build.0 = Release|Any CPU
		{04854740-DCE8-4CF5-9012-829AFFF0B35C}.Debug|Any CPU.ActiveCfg = Debug|Any CPU
		{04854740-DCE8-4CF5-9012-829AFFF0B35C}.Debug|Any CPU.Build.0 = Debug|Any CPU
		{04854740-DCE8-4CF5-9012-829AFFF0B35C}.Release|Any CPU.ActiveCfg = Release|Any CPU
		{04854740-DCE8-4CF5-9012-829AFFF0B35C}.Release|Any CPU.Build.0 = Release|Any CPU
	EndGlobalSection
	GlobalSection(SolutionProperties) = preSolution
		HideSolutionNode = FALSE
	EndGlobalSection
	GlobalSection(ExtensibilityGlobals) = postSolution
		SolutionGuid = {286BF902-E37A-4F78-8426-0ABC33066ED5}
	EndGlobalSection
EndGlobal
